
Microsoft Visual Studio Solution File, Format Version 12.00
# Visual Studio 15
VisualStudioVersion = 15.0.28307.902
MinimumVisualStudioVersion = 10.0.40219.1
Project("{FAE04EC0-301F-11D3-BF4B-00C04F79EFBC}") = "SimpleTextEditor_1", "SimpleTextEditor_1\SimpleTextEditor_1.csproj", "{656DEB6C-606C-45AB-A188-E97512C9C948}"
EndProject
Global
	GlobalSection(SolutionConfigurationPlatforms) = preSolution
		Debug|Any CPU = Debug|Any CPU
		Release|Any CPU = Release|Any CPU
	EndGlobalSection
	GlobalSection(ProjectConfigurationPlatforms) = postSolution
		{656DEB6C-606C-45AB-A188-E97512C9C948}.Debug|Any CPU.ActiveCfg = Debug|Any CPU
		{656DEB6C-606C-45AB-A188-E97512C9C948}.Debug|Any CPU.Build.0 = Debug|Any CPU
		{656DEB6C-606C-45AB-A188-E97512C9C948}.Release|Any CPU.ActiveCfg = Release|Any CPU
		{656DEB6C-606C-45AB-A188-E97512C9C948}.Release|Any CPU.Build.0 = Release|Any CPU
	EndGlobalSection
	GlobalSection(SolutionProperties) = preSolution
		HideSolutionNode = FALSE
	EndGlobalSection
	GlobalSection(ExtensibilityGlobals) = postSolution
		SolutionGuid = {C4CB9451-FB78-469A-B9A8-F57F6A8CDD0B}
	EndGlobalSection
EndGlobal
